
Microsoft Visual Studio Solution File, Format Version 12.00
# Visual Studio Version 16
VisualStudioVersion = 16.0.29926.136
MinimumVisualStudioVersion = 10.0.40219.1
Project("{FAE04EC0-301F-11D3-BF4B-00C04F79EFBC}") = "dotNet.Xam.AsyncExamples.Droid", "dotNet.Xam.AsyncExamples.Droid\dotNet.Xam.AsyncExamples.Droid.csproj", "{B96AB301-420E-489A-B44F-A2469485FDE2}"
EndProject
Global
	GlobalSection(SolutionConfigurationPlatforms) = preSolution
		Debug|Any CPU = Debug|Any CPU
		Release|Any CPU = Release|Any CPU
	EndGlobalSection
	GlobalSection(ProjectConfigurationPlatforms) = postSolution
		{B96AB301-420E-489A-B44F-A2469485FDE2}.Debug|Any CPU.ActiveCfg = Debug|Any CPU
		{B96AB301-420E-489A-B44F-A2469485FDE2}.Debug|Any CPU.Build.0 = Debug|Any CPU
		{B96AB301-420E-489A-B44F-A2469485FDE2}.Debug|Any CPU.Deploy.0 = Debug|Any CPU
		{B96AB301-420E-489A-B44F-A2469485FDE2}.Release|Any CPU.ActiveCfg = Release|Any CPU
		{B96AB301-420E-489A-B44F-A2469485FDE2}.Release|Any CPU.Build.0 = Release|Any CPU
		{B96AB301-420E-489A-B44F-A2469485FDE2}.Release|Any CPU.Deploy.0 = Release|Any CPU
	EndGlobalSection
	GlobalSection(SolutionProperties) = preSolution
		HideSolutionNode = FALSE
	EndGlobalSection
	GlobalSection(ExtensibilityGlobals) = postSolution
		SolutionGuid = {63717C4D-D109-4018-9113-6000EA405071}
	EndGlobalSection
EndGlobal
